
Microsoft Visual Studio Solution File, Format Version 12.00
# Visual Studio 15
VisualStudioVersion = 15.0.28010.2026
MinimumVisualStudioVersion = 10.0.40219.1
Project("{FAE04EC0-301F-11D3-BF4B-00C04F79EFBC}") = "FirstPracticeMVC", "FirstPracticeMVC\FirstPracticeMVC.csproj", "{4111C83C-E23C-4EF5-BAD4-12599555A576}"
EndProject
Global
	GlobalSection(SolutionConfigurationPlatforms) = preSolution
		Debug|Any CPU = Debug|Any CPU
		Release|Any CPU = Release|Any CPU
	EndGlobalSection
	GlobalSection(ProjectConfigurationPlatforms) = postSolution
		{4111C83C-E23C-4EF5-BAD4-12599555A576}.Debug|Any CPU.ActiveCfg = Debug|Any CPU
		{4111C83C-E23C-4EF5-BAD4-12599555A576}.Debug|Any CPU.Build.0 = Debug|Any CPU
		{4111C83C-E23C-4EF5-BAD4-12599555A576}.Release|Any CPU.ActiveCfg = Release|Any CPU
		{4111C83C-E23C-4EF5-BAD4-12599555A576}.Release|Any CPU.Build.0 = Release|Any CPU
	EndGlobalSection
	GlobalSection(SolutionProperties) = preSolution
		HideSolutionNode = FALSE
	EndGlobalSection
	GlobalSection(ExtensibilityGlobals) = postSolution
		SolutionGuid = {DC501C37-57C2-4AE7-A844-E2F10D138478}
	EndGlobalSection
EndGlobal
